
Microsoft Visual Studio Solution File, Format Version 12.00
# Visual Studio 15
VisualStudioVersion = 15.0.27703.2000
MinimumVisualStudioVersion = 10.0.40219.1
Project("{FAE04EC0-301F-11D3-BF4B-00C04F79EFBC}") = "MarkETS", "MarkETS\MarkETS.csproj", "{77AA30BD-275B-4852-9BA1-7D5CE8CB64BB}"
EndProject
Project("{FAE04EC0-301F-11D3-BF4B-00C04F79EFBC}") = "MarkETS.Traders", "MarkETS.Traders\MarkETS.Traders.csproj", "{29D00ACB-A49A-4004-AD30-347518169718}"
EndProject
Project("{FAE04EC0-301F-11D3-BF4B-00C04F79EFBC}") = "MarkETS.Views", "MarkETS.Views\MarkETS.Views.csproj", "{EF149492-6FEB-4995-B2D6-27E1F3F32C4E}"
EndProject
Project("{FAE04EC0-301F-11D3-BF4B-00C04F79EFBC}") = "MarkETS.CalmTrader", "MarkETS.CalmTrader\MarkETS.CalmTrader.csproj", "{84D113DA-C76F-427E-957C-23865A48C603}"
EndProject
Global
	GlobalSection(SolutionConfigurationPlatforms) = preSolution
		Debug|Any CPU = Debug|Any CPU
		Release|Any CPU = Release|Any CPU
	EndGlobalSection
	GlobalSection(ProjectConfigurationPlatforms) = postSolution
		{77AA30BD-275B-4852-9BA1-7D5CE8CB64BB}.Debug|Any CPU.ActiveCfg = Debug|Any CPU
		{77AA30BD-275B-4852-9BA1-7D5CE8CB64BB}.Debug|Any CPU.Build.0 = Debug|Any CPU
		{77AA30BD-275B-4852-9BA1-7D5CE8CB64BB}.Release|Any CPU.ActiveCfg = Release|Any CPU
		{77AA30BD-275B-4852-9BA1-7D5CE8CB64BB}.Release|Any CPU.Build.0 = Release|Any CPU
		{29D00ACB-A49A-4004-AD30-347518169718}.Debug|Any CPU.ActiveCfg = Debug|Any CPU
		{29D00ACB-A49A-4004-AD30-347518169718}.Debug|Any CPU.Build.0 = Debug|Any CPU
		{29D00ACB-A49A-4004-AD30-347518169718}.Release|Any CPU.ActiveCfg = Release|Any CPU
		{29D00ACB-A49A-4004-AD30-347518169718}.Release|Any CPU.Build.0 = Release|Any CPU
		{EF149492-6FEB-4995-B2D6-27E1F3F32C4E}.Debug|Any CPU.ActiveCfg = Debug|Any CPU
		{EF149492-6FEB-4995-B2D6-27E1F3F32C4E}.Debug|Any CPU.Build.0 = Debug|Any CPU
		{EF149492-6FEB-4995-B2D6-27E1F3F32C4E}.Release|Any CPU.ActiveCfg = Release|Any CPU
		{EF149492-6FEB-4995-B2D6-27E1F3F32C4E}.Release|Any CPU.Build.0 = Release|Any CPU
		{84D113DA-C76F-427E-957C-23865A48C603}.Debug|Any CPU.ActiveCfg = Debug|Any CPU
		{84D113DA-C76F-427E-957C-23865A48C603}.Debug|Any CPU.Build.0 = Debug|Any CPU
		{84D113DA-C76F-427E-957C-23865A48C603}.Release|Any CPU.ActiveCfg = Release|Any CPU
		{84D113DA-C76F-427E-957C-23865A48C603}.Release|Any CPU.Build.0 = Release|Any CPU
	EndGlobalSection
	GlobalSection(SolutionProperties) = preSolution
		HideSolutionNode = FALSE
	EndGlobalSection
	GlobalSection(ExtensibilityGlobals) = postSolution
		SolutionGuid = {8D42D4DA-E2AD-4E5C-9B3B-E3C21B291F0D}
	EndGlobalSection
EndGlobal
